{
    "_readme": [
        "This file locks the dependencies of your project to a known state",
        "Read more about it at https://getcomposer.org/doc/01-basic-usage.md#installing-dependencies",
        "This file is @generated automatically"
    ],
    "content-hash": "664c5698d1cf4daebf2ae535e4da4cfc",
    "packages": [
        {
            "name": "ralouphie/mimey",
            "version": "1.0.2",
            "source": {
                "type": "git",
                "url": "https://github.com/ralouphie/mimey.git",
                "reference": "2a0e997c733b7c2f9f8b61cafb006fd5fb9fa15a"
            },
            "dist": {
                "type": "zip",
                "url": "https://api.github.com/repos/ralouphie/mimey/zipball/2a0e997c733b7c2f9f8b61cafb006fd5fb9fa15a",
                "reference": "2a0e997c733b7c2f9f8b61cafb006fd5fb9fa15a",
                "shasum": ""
            },
            "require": {
                "php": ">=5.3"
            },
            "require-dev": {
                "phpunit/phpunit": "~3.7.0",
                "satooshi/php-coveralls": ">=1.0"
            },
            "type": "library",
            "autoload": {
                "psr-4": {
                    "Mimey\\": "src/"
                }
            },
            "notification-url": "https://packagist.org/downloads/",
            "license": [
                "MIT"
            ],
            "authors": [
                {
                    "name": "Ralph Khattar",
                    "email": "ralph.khattar@gmail.com"
                }
            ],
            "description": "PHP package for converting file extensions to MIME types and vice versa.",
            "support": {
                "issues": "https://github.com/ralouphie/mimey/issues",
                "source": "https://github.com/ralouphie/mimey/tree/master"
            },
            "time": "2016-09-28T03:36:23+00:00"
        }
    ],
    "packages-dev": [],
    "aliases": [],
    "minimum-stability": "stable",
    "stability-flags": [],
    "prefer-stable": false,
    "prefer-lowest": false,
    "platform": [],
    "platform-dev": [],
    "plugin-api-version": "2.0.0"
}
